
Microsoft Visual Studio Solution File, Format Version 12.00
# Visual Studio Version 16
VisualStudioVersion = 16.0.29403.142
MinimumVisualStudioVersion = 10.0.40219.1
Project("{FAE04EC0-301F-11D3-BF4B-00C04F79EFBC}") = "OpenIris", "OpenIrisUI\OpenIris.csproj", "{7F66FED2-01EB-4809-8077-75E824A8EC85}"
	ProjectSection(ProjectDependencies) = postProject
		{9D013E2E-13CC-4DF6-8CCD-663659689F3D} = {9D013E2E-13CC-4DF6-8CCD-663659689F3D}
		{8E7AF573-B6CF-45ED-9CEF-09462CE345B3} = {8E7AF573-B6CF-45ED-9CEF-09462CE345B3}
		{7A4405D3-969F-4001-8D06-0C93C7CB3394} = {7A4405D3-969F-4001-8D06-0C93C7CB3394}
		{11B9A0EA-7C00-4F7E-8601-0B45EE20D406} = {11B9A0EA-7C00-4F7E-8601-0B45EE20D406}
	EndProjectSection
EndProject
Project("{FAE04EC0-301F-11D3-BF4B-00C04F79EFBC}") = "EyeTrackerRemoteConsole", "EyeTrackerClientConsole\EyeTrackerRemoteConsole.csproj", "{51505035-780E-4732-96B1-455085715C38}"
EndProject
Project("{FAE04EC0-301F-11D3-BF4B-00C04F79EFBC}") = "SubjectiveTracker", "SubjectiveEyeTracker\SubjectiveTracker.csproj", "{2BA5EA85-11F0-47B3-AD99-A9455AC1C458}"
EndProject
Project("{FAE04EC0-301F-11D3-BF4B-00C04F79EFBC}") = "OpenIrisLib", "OpenIrisLib\OpenIrisLib.csproj", "{ED3AD445-A2FD-41C2-A77C-CE0C22B08192}"
EndProject
Project("{FAE04EC0-301F-11D3-BF4B-00C04F79EFBC}") = "EyeTrackerRemoteGUI", "EyeTrackerRemoteGUI\EyeTrackerRemoteGUI.csproj", "{8AF6AA0E-D508-4727-B081-6D88BE7E85FE}"
EndProject
Project("{FAE04EC0-301F-11D3-BF4B-00C04F79EFBC}") = "EyeTrackerRemoteClient", "EyeTrackerRemoteClient\EyeTrackerRemoteClient.csproj", "{CCA5E468-60BC-45AA-BF20-AAAC7B2ABD27}"
EndProject
Project("{FAE04EC0-301F-11D3-BF4B-00C04F79EFBC}") = "Micromedical", "Micromedical\Micromedical.csproj", "{11B9A0EA-7C00-4F7E-8601-0B45EE20D406}"
	ProjectSection(ProjectDependencies) = postProject
		{9D013E2E-13CC-4DF6-8CCD-663659689F3D} = {9D013E2E-13CC-4DF6-8CCD-663659689F3D}
	EndProjectSection
EndProject
Project("{FAE04EC0-301F-11D3-BF4B-00C04F79EFBC}") = "VideoPlayer", "VideoPlayer\VideoPlayer.csproj", "{782516D6-D145-4EFD-9A55-0079D60E4F48}"
EndProject
Project("{FAE04EC0-301F-11D3-BF4B-00C04F79EFBC}") = "SimpleEyeTrackerUI", "SimpleEyeTrackerUI\SimpleEyeTrackerUI.csproj", "{F629D51D-CE5B-47B9-823B-7B4F7253D036}"
EndProject
Project("{FAE04EC0-301F-11D3-BF4B-00C04F79EFBC}") = "PointGreyTest", "PointGreyTest\PointGreyTest.csproj", "{4DEC7C80-D8F6-4F34-A10F-76CB2A26E6B1}"
EndProject
Project("{FAE04EC0-301F-11D3-BF4B-00C04F79EFBC}") = "RemoteEyeTracker", "RemoteEyeTracker\RemoteEyeTracker.csproj", "{8E7AF573-B6CF-45ED-9CEF-09462CE345B3}"
	ProjectSection(ProjectDependencies) = postProject
		{9D013E2E-13CC-4DF6-8CCD-663659689F3D} = {9D013E2E-13CC-4DF6-8CCD-663659689F3D}
	EndProjectSection
EndProject
Project("{FAE04EC0-301F-11D3-BF4B-00C04F79EFBC}") = "BasicPlugins", "BasicPlugins\BasicPlugins.csproj", "{97A6FD48-B34F-4BBB-8253-4BCB64F44FF0}"
EndProject
Project("{FAE04EC0-301F-11D3-BF4B-00C04F79EFBC}") = "LabyrinthDevices", "LabyrinthDevices\LabyrinthDevices.csproj", "{CA6C57E2-48E0-46B6-8CA9-37BAB1371A06}"
	ProjectSection(ProjectDependencies) = postProject
		{9D013E2E-13CC-4DF6-8CCD-663659689F3D} = {9D013E2E-13CC-4DF6-8CCD-663659689F3D}
	EndProjectSection
EndProject
Project("{FAE04EC0-301F-11D3-BF4B-00C04F79EFBC}") = "OtherEyeTrackers", "OtherEyeTrackers\OtherEyeTrackers.csproj", "{5F660CEB-2EFB-4690-8D16-10C378369D53}"
	ProjectSection(ProjectDependencies) = postProject
		{9D013E2E-13CC-4DF6-8CCD-663659689F3D} = {9D013E2E-13CC-4DF6-8CCD-663659689F3D}
	EndProjectSection
EndProject
Project("{FAE04EC0-301F-11D3-BF4B-00C04F79EFBC}") = "FlyCaptureInterface", "FlyCaptureInterface\FlyCaptureInterface.csproj", "{9D013E2E-13CC-4DF6-8CCD-663659689F3D}"
EndProject
Project("{FAE04EC0-301F-11D3-BF4B-00C04F79EFBC}") = "SpinnakerInterface", "SpinnakerInterface\SpinnakerInterface.csproj", "{7A4405D3-969F-4001-8D06-0C93C7CB3394}"
EndProject
Project("{2150E333-8FDC-42A3-9474-1A3956D46DE8}") = "Plugins", "Plugins", "{1FBAB657-BE66-48DE-A923-A5E21585AC60}"
EndProject
Project("{2150E333-8FDC-42A3-9474-1A3956D46DE8}") = "Remote", "Remote", "{7B3E3672-4E68-4ABE-B99A-80D5C0954007}"
EndProject
Project("{2150E333-8FDC-42A3-9474-1A3956D46DE8}") = "Tools", "Tools", "{9B8DEAF6-6FA1-42AB-83C0-B75A787C5879}"
EndProject
Project("{FAE04EC0-301F-11D3-BF4B-00C04F79EFBC}") = "Interacoustics", "Interacoustics\Interacoustics.csproj", "{7422C969-410D-4106-BBAD-745C12B231A2}"
EndProject
Global
	GlobalSection(SolutionConfigurationPlatforms) = preSolution
		Debug|Any CPU = Debug|Any CPU
		Debug|x64 = Debug|x64
		Release|Any CPU = Release|Any CPU
		Release|x64 = Release|x64
	EndGlobalSection
	GlobalSection(ProjectConfigurationPlatforms) = postSolution
		{7F66FED2-01EB-4809-8077-75E824A8EC85}.Debug|Any CPU.ActiveCfg = Debug|Any CPU
		{7F66FED2-01EB-4809-8077-75E824A8EC85}.Debug|Any CPU.Build.0 = Debug|Any CPU
		{7F66FED2-01EB-4809-8077-75E824A8EC85}.Debug|x64.ActiveCfg = Debug|x64
		{7F66FED2-01EB-4809-8077-75E824A8EC85}.Debug|x64.Build.0 = Debug|x64
		{7F66FED2-01EB-4809-8077-75E824A8EC85}.Release|Any CPU.ActiveCfg = Release|Any CPU
		{7F66FED2-01EB-4809-8077-75E824A8EC85}.Release|Any CPU.Build.0 = Release|Any CPU
		{7F66FED2-01EB-4809-8077-75E824A8EC85}.Release|x64.ActiveCfg = Release|x64
		{7F66FED2-01EB-4809-8077-75E824A8EC85}.Release|x64.Build.0 = Release|x64
		{51505035-780E-4732-96B1-455085715C38}.Debug|Any CPU.ActiveCfg = Debug|x64
		{51505035-780E-4732-96B1-455085715C38}.Debug|x64.ActiveCfg = Debug|x64
		{51505035-780E-4732-96B1-455085715C38}.Debug|x64.Build.0 = Debug|x64
		{51505035-780E-4732-96B1-455085715C38}.Release|Any CPU.ActiveCfg = Release|x64
		{51505035-780E-4732-96B1-455085715C38}.Release|x64.ActiveCfg = Release|x64
		{51505035-780E-4732-96B1-455085715C38}.Release|x64.Build.0 = Release|x64
		{2BA5EA85-11F0-47B3-AD99-A9455AC1C458}.Debug|Any CPU.ActiveCfg = Debug|Any CPU
		{2BA5EA85-11F0-47B3-AD99-A9455AC1C458}.Debug|Any CPU.Build.0 = Debug|Any CPU
		{2BA5EA85-11F0-47B3-AD99-A9455AC1C458}.Debug|x64.ActiveCfg = Debug|x64
		{2BA5EA85-11F0-47B3-AD99-A9455AC1C458}.Debug|x64.Build.0 = Debug|x64
		{2BA5EA85-11F0-47B3-AD99-A9455AC1C458}.Release|Any CPU.ActiveCfg = Release|Any CPU
		{2BA5EA85-11F0-47B3-AD99-A9455AC1C458}.Release|Any CPU.Build.0 = Release|Any CPU
		{2BA5EA85-11F0-47B3-AD99-A9455AC1C458}.Release|x64.ActiveCfg = Release|x64
		{2BA5EA85-11F0-47B3-AD99-A9455AC1C458}.Release|x64.Build.0 = Release|x64
		{ED3AD445-A2FD-41C2-A77C-CE0C22B08192}.Debug|Any CPU.ActiveCfg = Debug|Any CPU
		{ED3AD445-A2FD-41C2-A77C-CE0C22B08192}.Debug|Any CPU.Build.0 = Debug|Any CPU
		{ED3AD445-A2FD-41C2-A77C-CE0C22B08192}.Debug|x64.ActiveCfg = Debug|x64
		{ED3AD445-A2FD-41C2-A77C-CE0C22B08192}.Debug|x64.Build.0 = Debug|x64
		{ED3AD445-A2FD-41C2-A77C-CE0C22B08192}.Release|Any CPU.ActiveCfg = Release|Any CPU
		{ED3AD445-A2FD-41C2-A77C-CE0C22B08192}.Release|Any CPU.Build.0 = Release|Any CPU
		{ED3AD445-A2FD-41C2-A77C-CE0C22B08192}.Release|x64.ActiveCfg = Release|x64
		{ED3AD445-A2FD-41C2-A77C-CE0C22B08192}.Release|x64.Build.0 = Release|x64
		{8AF6AA0E-D508-4727-B081-6D88BE7E85FE}.Debug|Any CPU.ActiveCfg = Debug|x64
		{8AF6AA0E-D508-4727-B081-6D88BE7E85FE}.Debug|x64.ActiveCfg = Debug|x64
		{8AF6AA0E-D508-4727-B081-6D88BE7E85FE}.Debug|x64.Build.0 = Debug|x64
		{8AF6AA0E-D508-4727-B081-6D88BE7E85FE}.Release|Any CPU.ActiveCfg = Release|x64
		{8AF6AA0E-D508-4727-B081-6D88BE7E85FE}.Release|x64.ActiveCfg = Release|x64
		{8AF6AA0E-D508-4727-B081-6D88BE7E85FE}.Release|x64.Build.0 = Release|x64
		{CCA5E468-60BC-45AA-BF20-AAAC7B2ABD27}.Debug|Any CPU.ActiveCfg = Debug|x64
		{CCA5E468-60BC-45AA-BF20-AAAC7B2ABD27}.Debug|x64.ActiveCfg = Debug|x64
		{CCA5E468-60BC-45AA-BF20-AAAC7B2ABD27}.Debug|x64.Build.0 = Debug|x64
		{CCA5E468-60BC-45AA-BF20-AAAC7B2ABD27}.Release|Any CPU.ActiveCfg = Release|x64
		{CCA5E468-60BC-45AA-BF20-AAAC7B2ABD27}.Release|x64.ActiveCfg = Release|x64
		{CCA5E468-60BC-45AA-BF20-AAAC7B2ABD27}.Release|x64.Build.0 = Release|x64
		{11B9A0EA-7C00-4F7E-8601-0B45EE20D406}.Debug|Any CPU.ActiveCfg = Debug|Any CPU
		{11B9A0EA-7C00-4F7E-8601-0B45EE20D406}.Debug|Any CPU.Build.0 = Debug|Any CPU
		{11B9A0EA-7C00-4F7E-8601-0B45EE20D406}.Debug|x64.ActiveCfg = Debug|x64
		{11B9A0EA-7C00-4F7E-8601-0B45EE20D406}.Debug|x64.Build.0 = Debug|x64
		{11B9A0EA-7C00-4F7E-8601-0B45EE20D406}.Release|Any CPU.ActiveCfg = Release|Any CPU
		{11B9A0EA-7C00-4F7E-8601-0B45EE20D406}.Release|Any CPU.Build.0 = Release|Any CPU
		{11B9A0EA-7C00-4F7E-8601-0B45EE20D406}.Release|x64.ActiveCfg = Release|x64
		{11B9A0EA-7C00-4F7E-8601-0B45EE20D406}.Release|x64.Build.0 = Release|x64
		{782516D6-D145-4EFD-9A55-0079D60E4F48}.Debug|Any CPU.ActiveCfg = Debug|x64
		{782516D6-D145-4EFD-9A55-0079D60E4F48}.Debug|x64.ActiveCfg = Debug|x64
		{782516D6-D145-4EFD-9A55-0079D60E4F48}.Debug|x64.Build.0 = Debug|x64
		{782516D6-D145-4EFD-9A55-0079D60E4F48}.Release|Any CPU.ActiveCfg = Release|x64
		{782516D6-D145-4EFD-9A55-0079D60E4F48}.Release|x64.ActiveCfg = Release|x64
		{782516D6-D145-4EFD-9A55-0079D60E4F48}.Release|x64.Build.0 = Release|x64
		{F629D51D-CE5B-47B9-823B-7B4F7253D036}.Debug|Any CPU.ActiveCfg = Debug|Any CPU
		{F629D51D-CE5B-47B9-823B-7B4F7253D036}.Debug|Any CPU.Build.0 = Debug|Any CPU
		{F629D51D-CE5B-47B9-823B-7B4F7253D036}.Debug|x64.ActiveCfg = Debug|x64
		{F629D51D-CE5B-47B9-823B-7B4F7253D036}.Debug|x64.Build.0 = Debug|x64
		{F629D51D-CE5B-47B9-823B-7B4F7253D036}.Release|Any CPU.ActiveCfg = Release|Any CPU
		{F629D51D-CE5B-47B9-823B-7B4F7253D036}.Release|Any CPU.Build.0 = Release|Any CPU
		{F629D51D-CE5B-47B9-823B-7B4F7253D036}.Release|x64.ActiveCfg = Release|x64
		{F629D51D-CE5B-47B9-823B-7B4F7253D036}.Release|x64.Build.0 = Release|x64
		{4DEC7C80-D8F6-4F34-A10F-76CB2A26E6B1}.Debug|Any CPU.ActiveCfg = Debug|x64
		{4DEC7C80-D8F6-4F34-A10F-76CB2A26E6B1}.Debug|x64.ActiveCfg = Debug|x64
		{4DEC7C80-D8F6-4F34-A10F-76CB2A26E6B1}.Debug|x64.Build.0 = Debug|x64
		{4DEC7C80-D8F6-4F34-A10F-76CB2A26E6B1}.Release|Any CPU.ActiveCfg = Release|x64
		{4DEC7C80-D8F6-4F34-A10F-76CB2A26E6B1}.Release|x64.ActiveCfg = Release|x64
		{4DEC7C80-D8F6-4F34-A10F-76CB2A26E6B1}.Release|x64.Build.0 = Release|x64
		{8E7AF573-B6CF-45ED-9CEF-09462CE345B3}.Debug|Any CPU.ActiveCfg = Debug|x64
		{8E7AF573-B6CF-45ED-9CEF-09462CE345B3}.Debug|x64.ActiveCfg = Debug|x64
		{8E7AF573-B6CF-45ED-9CEF-09462CE345B3}.Debug|x64.Build.0 = Debug|x64
		{8E7AF573-B6CF-45ED-9CEF-09462CE345B3}.Release|Any CPU.ActiveCfg = Release|x64
		{8E7AF573-B6CF-45ED-9CEF-09462CE345B3}.Release|x64.ActiveCfg = Release|x64
		{8E7AF573-B6CF-45ED-9CEF-09462CE345B3}.Release|x64.Build.0 = Release|x64
		{97A6FD48-B34F-4BBB-8253-4BCB64F44FF0}.Debug|Any CPU.ActiveCfg = Debug|Any CPU
		{97A6FD48-B34F-4BBB-8253-4BCB64F44FF0}.Debug|Any CPU.Build.0 = Debug|Any CPU
		{97A6FD48-B34F-4BBB-8253-4BCB64F44FF0}.Debug|x64.ActiveCfg = Debug|x64
		{97A6FD48-B34F-4BBB-8253-4BCB64F44FF0}.Debug|x64.Build.0 = Debug|x64
		{97A6FD48-B34F-4BBB-8253-4BCB64F44FF0}.Release|Any CPU.ActiveCfg = Release|Any CPU
		{97A6FD48-B34F-4BBB-8253-4BCB64F44FF0}.Release|Any CPU.Build.0 = Release|Any CPU
		{97A6FD48-B34F-4BBB-8253-4BCB64F44FF0}.Release|x64.ActiveCfg = Release|x64
		{97A6FD48-B34F-4BBB-8253-4BCB64F44FF0}.Release|x64.Build.0 = Release|x64
		{CA6C57E2-48E0-46B6-8CA9-37BAB1371A06}.Debug|Any CPU.ActiveCfg = Debug|x64
		{CA6C57E2-48E0-46B6-8CA9-37BAB1371A06}.Debug|x64.ActiveCfg = Debug|x64
		{CA6C57E2-48E0-46B6-8CA9-37BAB1371A06}.Debug|x64.Build.0 = Debug|x64
		{CA6C57E2-48E0-46B6-8CA9-37BAB1371A06}.Release|Any CPU.ActiveCfg = Release|x64
		{CA6C57E2-48E0-46B6-8CA9-37BAB1371A06}.Release|x64.ActiveCfg = Release|x64
		{CA6C57E2-48E0-46B6-8CA9-37BAB1371A06}.Release|x64.Build.0 = Release|x64
		{5F660CEB-2EFB-4690-8D16-10C378369D53}.Debug|Any CPU.ActiveCfg = Debug|x64
		{5F660CEB-2EFB-4690-8D16-10C378369D53}.Debug|x64.ActiveCfg = Debug|x64
		{5F660CEB-2EFB-4690-8D16-10C378369D53}.Debug|x64.Build.0 = Debug|x64
		{5F660CEB-2EFB-4690-8D16-10C378369D53}.Release|Any CPU.ActiveCfg = Release|x64
		{5F660CEB-2EFB-4690-8D16-10C378369D53}.Release|x64.ActiveCfg = Release|x64
		{5F660CEB-2EFB-4690-8D16-10C378369D53}.Release|x64.Build.0 = Release|x64
		{9D013E2E-13CC-4DF6-8CCD-663659689F3D}.Debug|Any CPU.ActiveCfg = Debug|x64
		{9D013E2E-13CC-4DF6-8CCD-663659689F3D}.Debug|x64.ActiveCfg = Debug|x64
		{9D013E2E-13CC-4DF6-8CCD-663659689F3D}.Debug|x64.Build.0 = Debug|x64
		{9D013E2E-13CC-4DF6-8CCD-663659689F3D}.Release|Any CPU.ActiveCfg = Release|x64
		{9D013E2E-13CC-4DF6-8CCD-663659689F3D}.Release|x64.ActiveCfg = Release|x64
		{9D013E2E-13CC-4DF6-8CCD-663659689F3D}.Release|x64.Build.0 = Release|x64
		{7A4405D3-969F-4001-8D06-0C93C7CB3394}.Debug|Any CPU.ActiveCfg = Debug|x64
		{7A4405D3-969F-4001-8D06-0C93C7CB3394}.Debug|x64.ActiveCfg = Debug|x64
		{7A4405D3-969F-4001-8D06-0C93C7CB3394}.Debug|x64.Build.0 = Debug|x64
		{7A4405D3-969F-4001-8D06-0C93C7CB3394}.Release|Any CPU.ActiveCfg = Release|x64
		{7A4405D3-969F-4001-8D06-0C93C7CB3394}.Release|x64.ActiveCfg = Release|x64
		{7A4405D3-969F-4001-8D06-0C93C7CB3394}.Release|x64.Build.0 = Release|x64
		{7422C969-410D-4106-BBAD-745C12B231A2}.Debug|Any CPU.ActiveCfg = Debug|x64
		{7422C969-410D-4106-BBAD-745C12B231A2}.Debug|x64.ActiveCfg = Debug|x64
		{7422C969-410D-4106-BBAD-745C12B231A2}.Debug|x64.Build.0 = Debug|x64
		{7422C969-410D-4106-BBAD-745C12B231A2}.Release|Any CPU.ActiveCfg = Release|x64
		{7422C969-410D-4106-BBAD-745C12B231A2}.Release|x64.ActiveCfg = Release|x64
		{7422C969-410D-4106-BBAD-745C12B231A2}.Release|x64.Build.0 = Release|x64
	EndGlobalSection
	GlobalSection(SolutionProperties) = preSolution
		HideSolutionNode = FALSE
	EndGlobalSection
	GlobalSection(NestedProjects) = preSolution
		{51505035-780E-4732-96B1-455085715C38} = {7B3E3672-4E68-4ABE-B99A-80D5C0954007}
		{2BA5EA85-11F0-47B3-AD99-A9455AC1C458} = {9B8DEAF6-6FA1-42AB-83C0-B75A787C5879}
		{8AF6AA0E-D508-4727-B081-6D88BE7E85FE} = {7B3E3672-4E68-4ABE-B99A-80D5C0954007}
		{CCA5E468-60BC-45AA-BF20-AAAC7B2ABD27} = {7B3E3672-4E68-4ABE-B99A-80D5C0954007}
		{11B9A0EA-7C00-4F7E-8601-0B45EE20D406} = {1FBAB657-BE66-48DE-A923-A5E21585AC60}
		{782516D6-D145-4EFD-9A55-0079D60E4F48} = {9B8DEAF6-6FA1-42AB-83C0-B75A787C5879}
		{F629D51D-CE5B-47B9-823B-7B4F7253D036} = {9B8DEAF6-6FA1-42AB-83C0-B75A787C5879}
		{4DEC7C80-D8F6-4F34-A10F-76CB2A26E6B1} = {9B8DEAF6-6FA1-42AB-83C0-B75A787C5879}
		{8E7AF573-B6CF-45ED-9CEF-09462CE345B3} = {1FBAB657-BE66-48DE-A923-A5E21585AC60}
		{97A6FD48-B34F-4BBB-8253-4BCB64F44FF0} = {1FBAB657-BE66-48DE-A923-A5E21585AC60}
		{CA6C57E2-48E0-46B6-8CA9-37BAB1371A06} = {1FBAB657-BE66-48DE-A923-A5E21585AC60}
		{5F660CEB-2EFB-4690-8D16-10C378369D53} = {1FBAB657-BE66-48DE-A923-A5E21585AC60}
		{9D013E2E-13CC-4DF6-8CCD-663659689F3D} = {1FBAB657-BE66-48DE-A923-A5E21585AC60}
		{7A4405D3-969F-4001-8D06-0C93C7CB3394} = {1FBAB657-BE66-48DE-A923-A5E21585AC60}
		{7422C969-410D-4106-BBAD-745C12B231A2} = {1FBAB657-BE66-48DE-A923-A5E21585AC60}
	EndGlobalSection
	GlobalSection(ExtensibilityGlobals) = postSolution
		SolutionGuid = {7C44A803-9D51-49D2-BF95-9A436AE6FEC6}
	EndGlobalSection
EndGlobal
